// !$*UTF8*$!
{
	archiveVersion = 1;
	classes = {
	};
	objectVersion = 56;
	objects = {

/* Begin PBXBuildFile section */
		A1B2C3D4E5F6010203040506 /* FlingBirdsApp.swift in Sources */ = {isa = PBXBuildFile; fileRef = A1B2C3D4E5F6010203040501 /* FlingBirdsApp.swift */; };
		A1B2C3D4E5F6010203040507 /* ContentView.swift in Sources */ = {isa = PBXBuildFile; fileRef = A1B2C3D4E5F6010203040502 /* ContentView.swift */; };
		A1B2C3D4E5F6010203040508 /* GameScene.swift in Sources */ = {isa = PBXBuildFile; fileRef = A1B2C3D4E5F6010203040503 /* GameScene.swift */; };
		A1B2C3D4E5F6010203040509 /* Level.swift in Sources */ = {isa = PBXBuildFile; fileRef = A1B2C3D4E5F6010203040504 /* Level.swift */; };
		A1B2C3D4E5F601020304050A /* GameState.swift in Sources */ = {isa = PBXBuildFile; fileRef = A1B2C3D4E5F6010203040505 /* GameState.swift */; };
/* End PBXBuildFile section */

/* Begin PBXFileReference section */
		A1B2C3D4E5F6010203040510 /* FlingBirds.app */ = {isa = PBXFileReference; explicitFileType = wrapper.application; path = FlingBirds.app; sourceTree = BUILT_PRODUCTS_DIR; };
		A1B2C3D4E5F6010203040501 /* FlingBirdsApp.swift */ = {isa = PBXFileReference; lastKnownFileType = sourcecode.swift; path = FlingBirdsApp.swift; sourceTree = "<group>"; };
		A1B2C3D4E5F6010203040502 /* ContentView.swift */ = {isa = PBXFileReference; lastKnownFileType = sourcecode.swift; path = ContentView.swift; sourceTree = "<group>"; };
		A1B2C3D4E5F6010203040503 /* GameScene.swift */ = {isa = PBXFileReference; lastKnownFileType = sourcecode.swift; path = GameScene.swift; sourceTree = "<group>"; };
		A1B2C3D4E5F6010203040504 /* Level.swift */ = {isa = PBXFileReference; lastKnownFileType = sourcecode.swift; path = Level.swift; sourceTree = "<group>"; };
		A1B2C3D4E5F6010203040505 /* GameState.swift */ = {isa = PBXFileReference; lastKnownFileType = sourcecode.swift; path = GameState.swift; sourceTree = "<group>"; };
		A1B2C3D4E5F6010203040511 /* Info.plist */ = {isa = PBXFileReference; lastKnownFileType = text.plist.xml; path = Info.plist; sourceTree = SOURCE_ROOT; };
/* End PBXFileReference section */

/* Begin PBXFrameworksBuildPhase section */
		A1B2C3D4E5F6010203040601 /* Frameworks */ = {
			isa = PBXFrameworksBuildPhase;
			buildActionMask = 2147483647;
			files = (
			);
			runOnlyForDeploymentPostprocessing = 0;
		};
/* End PBXFrameworksBuildPhase section */

/* Begin PBXGroup section */
		A1B2C3D4E5F6010203040520 = {
			isa = PBXGroup;
			children = (
				A1B2C3D4E5F6010203040521 /* FlingBirds */,
				A1B2C3D4E5F6010203040511 /* Info.plist */,
				A1B2C3D4E5F6010203040522 /* Products */,
			);
			sourceTree = "<group>";
		};
		A1B2C3D4E5F6010203040521 /* FlingBirds */ = {
			isa = PBXGroup;
			path = FlingBirds;
			sourceTree = "<group>";
			children = (
				A1B2C3D4E5F6010203040501 /* FlingBirdsApp.swift */,
				A1B2C3D4E5F6010203040502 /* ContentView.swift */,
				A1B2C3D4E5F6010203040505 /* GameState.swift */,
				A1B2C3D4E5F6010203040503 /* GameScene.swift */,
				A1B2C3D4E5F6010203040504 /* Level.swift */,
			);
		};
		A1B2C3D4E5F6010203040522 /* Products */ = {
			isa = PBXGroup;
			sourceTree = "<group>";
			children = (
				A1B2C3D4E5F6010203040510 /* FlingBirds.app */,
			);
		};
/* End PBXGroup section */

/* Begin PBXNativeTarget section */
		A1B2C3D4E5F6010203040400 /* FlingBirds */ = {
			isa = PBXNativeTarget;
			buildConfigurationList = A1B2C3D4E5F6010203040403 /* Build configuration list for PBXNativeTarget "FlingBirds" */;
			buildPhases = (
				A1B2C3D4E5F6010203040401 /* Sources */,
				A1B2C3D4E5F6010203040601 /* Frameworks */,
			);
			buildRules = (
			);
			dependencies = (
			);
			name = FlingBirds;
			productName = FlingBirds;
			productReference = A1B2C3D4E5F6010203040510 /* FlingBirds.app */;
			productType = "com.apple.product-type.application";
		};
/* End PBXNativeTarget section */

/* Begin PBXProject section */
		A1B2C3D4E5F6010203040001 /* Project object */ = {
			isa = PBXProject;
			attributes = {
				BuildIndependentTargetsInParallel = 1;
				LastSwiftUpdateCheck = 1500;
				LastUpgradeCheck = 1500;
				TargetAttributes = {
					A1B2C3D4E5F6010203040400 = {
						CreatedOnToolsVersion = 15.0;
					};
				};
			};
			buildConfigurationList = A1B2C3D4E5F6010203040004 /* Build configuration list for PBXProject "FlingBirds" */;
			compatibilityVersion = "Xcode 14.0";
			developmentRegion = en;
			hasScannedForEncodings = 0;
			knownRegions = (
				en,
				Base,
			);
			mainGroup = A1B2C3D4E5F6010203040520;
			productRefGroup = A1B2C3D4E5F6010203040522 /* Products */;
			projectDirPath = "";
			projectRoot = "";
			targets = (
				A1B2C3D4E5F6010203040400 /* FlingBirds */,
			);
		};
/* End PBXProject section */

/* Begin PBXSourcesBuildPhase section */
		A1B2C3D4E5F6010203040401 /* Sources */ = {
			isa = PBXSourcesBuildPhase;
			buildActionMask = 2147483647;
			files = (
				A1B2C3D4E5F6010203040506 /* FlingBirdsApp.swift in Sources */,
				A1B2C3D4E5F6010203040507 /* ContentView.swift in Sources */,
				A1B2C3D4E5F601020304050A /* GameState.swift in Sources */,
				A1B2C3D4E5F6010203040508 /* GameScene.swift in Sources */,
				A1B2C3D4E5F6010203040509 /* Level.swift in Sources */,
			);
			runOnlyForDeploymentPostprocessing = 0;
		};
/* End PBXSourcesBuildPhase section */

/* Begin XCBuildConfiguration section */
		A1B2C3D4E5F6010203040010 /* Debug */ = {
			isa = XCBuildConfiguration;
			buildSettings = {
				CLANG_ENABLE_MODULES = YES;
				CODE_SIGN_STYLE = Automatic;
				CURRENT_PROJECT_VERSION = 1;
				DEFINES_MODULE = YES;
				ENABLE_PREVIEWS = YES;
				INFOPLIST_FILE = Info.plist;
				LD_RUNPATH_SEARCH_PATHS = (
					"$(inherited)",
					"@executable_path/../Frameworks",
				);
				MACOSX_DEPLOYMENT_TARGET = 12.0;
				MARKETING_VERSION = 1.0;
				PRODUCT_BUNDLE_IDENTIFIER = com.onemancompany.flingbirds;
				PRODUCT_NAME = "$(TARGET_NAME)";
				SWIFT_VERSION = 5.0;
			};
			name = Debug;
		};
		A1B2C3D4E5F6010203040011 /* Release */ = {
			isa = XCBuildConfiguration;
			buildSettings = {
				CLANG_ENABLE_MODULES = YES;
				CODE_SIGN_STYLE = Automatic;
				CURRENT_PROJECT_VERSION = 1;
				DEFINES_MODULE = YES;
				INFOPLIST_FILE = Info.plist;
				LD_RUNPATH_SEARCH_PATHS = (
					"$(inherited)",
					"@executable_path/../Frameworks",
				);
				MACOSX_DEPLOYMENT_TARGET = 12.0;
				MARKETING_VERSION = 1.0;
				PRODUCT_BUNDLE_IDENTIFIER = com.onemancompany.flingbirds;
				PRODUCT_NAME = "$(TARGET_NAME)";
				SWIFT_VERSION = 5.0;
			};
			name = Release;
		};

		A1B2C3D4E5F6010203040020 /* Debug */ = {
			isa = XCBuildConfiguration;
			buildSettings = {
				ALWAYS_SEARCH_USER_PATHS = NO;
				CLANG_ANALYZER_NONNULL = YES;
				CLANG_CXX_LANGUAGE_STANDARD = "gnu++20";
				CLANG_CXX_LIBRARY = "libc++";
				CLANG_ENABLE_OBJC_ARC = YES;
				CLANG_WARN_QUOTED_INCLUDE_IN_FRAMEWORK_HEADER = YES;
				CLANG_WARN_DOCUMENTATION_COMMENTS = YES;
				CLANG_WARN_UNGUARDED_AVAILABILITY = YES_AGGRESSIVE;
				COPY_PHASE_STRIP = NO;
				DEBUG_INFORMATION_FORMAT = dwarf;
				ENABLE_STRICT_OBJC_MSGSEND = YES;
				GCC_C_LANGUAGE_STANDARD = gnu11;
				GCC_DYNAMIC_NO_PIC = NO;
				GCC_NO_COMMON_BLOCKS = YES;
				GCC_OPTIMIZATION_LEVEL = 0;
				GCC_PREPROCESSOR_DEFINITIONS = (
					"DEBUG=1",
					"$(inherited)",
				);
				MTL_ENABLE_DEBUG_INFO = INCLUDE_SOURCE;
				ONLY_ACTIVE_ARCH = YES;
				SDKROOT = macosx;
				SWIFT_ACTIVE_COMPILATION_CONDITIONS = DEBUG;
				SWIFT_OPTIMIZATION_LEVEL = "-Onone";
			};
			name = Debug;
		};
		A1B2C3D4E5F6010203040021 /* Release */ = {
			isa = XCBuildConfiguration;
			buildSettings = {
				ALWAYS_SEARCH_USER_PATHS = NO;
				CLANG_ANALYZER_NONNULL = YES;
				CLANG_CXX_LANGUAGE_STANDARD = "gnu++20";
				CLANG_CXX_LIBRARY = "libc++";
				CLANG_ENABLE_OBJC_ARC = YES;
				CLANG_WARN_QUOTED_INCLUDE_IN_FRAMEWORK_HEADER = YES;
				CLANG_WARN_DOCUMENTATION_COMMENTS = YES;
				CLANG_WARN_UNGUARDED_AVAILABILITY = YES_AGGRESSIVE;
				COPY_PHASE_STRIP = YES;
				DEBUG_INFORMATION_FORMAT = dwarf;
				ENABLE_NS_ASSERTIONS = NO;
				ENABLE_STRICT_OBJC_MSGSEND = YES;
				GCC_C_LANGUAGE_STANDARD = gnu11;
				GCC_NO_COMMON_BLOCKS = YES;
				MTL_ENABLE_DEBUG_INFO = NO;
				SDKROOT = macosx;
				SWIFT_COMPILATION_MODE = wholemodule;
				SWIFT_OPTIMIZATION_LEVEL = "-O";
			};
			name = Release;
		};
/* End XCBuildConfiguration section */

/* Begin XCConfigurationList section */
		A1B2C3D4E5F6010203040004 /* Build configuration list for PBXProject "FlingBirds" */ = {
			isa = XCConfigurationList;
			buildConfigurations = (
				A1B2C3D4E5F6010203040020 /* Debug */,
				A1B2C3D4E5F6010203040021 /* Release */,
			);
			defaultConfigurationIsVisible = 0;
			defaultConfigurationName = Debug;
		};
		A1B2C3D4E5F6010203040403 /* Build configuration list for PBXNativeTarget "FlingBirds" */ = {
			isa = XCConfigurationList;
			buildConfigurations = (
				A1B2C3D4E5F6010203040010 /* Debug */,
				A1B2C3D4E5F6010203040011 /* Release */,
			);
			defaultConfigurationIsVisible = 0;
			defaultConfigurationName = Debug;
		};
/* End XCConfigurationList section */
	};
	rootObject = A1B2C3D4E5F6010203040001 /* Project object */;
}
